
Microsoft Visual Studio Solution File, Format Version 12.00
# Visual Studio Version 17
VisualStudioVersion = 17.13.35828.75 d17.13
MinimumVisualStudioVersion = 10.0.40219.1
Project("{FAE04EC0-301F-11D3-BF4B-00C04F79EFBC}") = "Project1", "Project1\Project1.csproj", "{D34E68D8-8A89-44C6-BB32-A0CCDF67DEEF}"
EndProject
Global
	GlobalSection(SolutionConfigurationPlatforms) = preSolution
		Debug|Any CPU = Debug|Any CPU
		Release|Any CPU = Release|Any CPU
	EndGlobalSection
	GlobalSection(ProjectConfigurationPlatforms) = postSolution
		{D34E68D8-8A89-44C6-BB32-A0CCDF67DEEF}.Debug|Any CPU.ActiveCfg = Debug|Any CPU
		{D34E68D8-8A89-44C6-BB32-A0CCDF67DEEF}.Debug|Any CPU.Build.0 = Debug|Any CPU
		{D34E68D8-8A89-44C6-BB32-A0CCDF67DEEF}.Release|Any CPU.ActiveCfg = Release|Any CPU
		{D34E68D8-8A89-44C6-BB32-A0CCDF67DEEF}.Release|Any CPU.Build.0 = Release|Any CPU
	EndGlobalSection
	GlobalSection(SolutionProperties) = preSolution
		HideSolutionNode = FALSE
	EndGlobalSection
	GlobalSection(ExtensibilityGlobals) = postSolution
		SolutionGuid = {0D156812-C3C4-4DE8-9A30-6AECF80A46B7}
	EndGlobalSection
EndGlobal
